// !$*UTF8*$!
{
	archiveVersion = 1;
	classes = {
	};
	objectVersion = 56;
	objects = {

/* Begin PBXBuildFile section */
		7D1159392B8131B300F741A1 /* SnapVC.swift in Sources */ = {isa = PBXBuildFile; fileRef = 7D1159382B8131B300F741A1 /* SnapVC.swift */; };
		7D11593C2B82286200F741A1 /* UserSingleton.swift in Sources */ = {isa = PBXBuildFile; fileRef = 7D11593B2B82286200F741A1 /* UserSingleton.swift */; };
		7D1FEE1B2B812B3A00A99758 /* FeedVC.swift in Sources */ = {isa = PBXBuildFile; fileRef = 7D1FEE1A2B812B3A00A99758 /* FeedVC.swift */; };
		7D1FEE1D2B812B5100A99758 /* UploadVC.swift in Sources */ = {isa = PBXBuildFile; fileRef = 7D1FEE1C2B812B5100A99758 /* UploadVC.swift */; };
		7D1FEE1F2B812B7500A99758 /* SettingsVC.swift in Sources */ = {isa = PBXBuildFile; fileRef = 7D1FEE1E2B812B7500A99758 /* SettingsVC.swift */; };
		7D5830EE2B811EC600DBE727 /* AppDelegate.swift in Sources */ = {isa = PBXBuildFile; fileRef = 7D5830ED2B811EC600DBE727 /* AppDelegate.swift */; };
		7D5830F02B811EC600DBE727 /* SceneDelegate.swift in Sources */ = {isa = PBXBuildFile; fileRef = 7D5830EF2B811EC600DBE727 /* SceneDelegate.swift */; };
		7D5830F22B811EC600DBE727 /* SignInVC.swift in Sources */ = {isa = PBXBuildFile; fileRef = 7D5830F12B811EC600DBE727 /* SignInVC.swift */; };
		7D5830F52B811EC600DBE727 /* Main.storyboard in Resources */ = {isa = PBXBuildFile; fileRef = 7D5830F32B811EC600DBE727 /* Main.storyboard */; };
		7D5830F72B811EC600DBE727 /* Assets.xcassets in Resources */ = {isa = PBXBuildFile; fileRef = 7D5830F62B811EC600DBE727 /* Assets.xcassets */; };
		7D5830FA2B811EC600DBE727 /* LaunchScreen.storyboard in Resources */ = {isa = PBXBuildFile; fileRef = 7D5830F82B811EC600DBE727 /* LaunchScreen.storyboard */; };
		7D5831022B81207000DBE727 /* GoogleService-Info.plist in Resources */ = {isa = PBXBuildFile; fileRef = 7D5831012B81207000DBE727 /* GoogleService-Info.plist */; };
		7DC5FEE82B866C6E0075FCF5 /* FeedCell.swift in Sources */ = {isa = PBXBuildFile; fileRef = 7DC5FEE72B866C6E0075FCF5 /* FeedCell.swift */; };
		7DC5FEEA2B8771940075FCF5 /* Snap.swift in Sources */ = {isa = PBXBuildFile; fileRef = 7DC5FEE92B8771940075FCF5 /* Snap.swift */; };
		C51E681EF6AA254E5F1DD229 /* Pods_SnapchatClone.framework in Frameworks */ = {isa = PBXBuildFile; fileRef = 08FC437D1F37A9B2C2A64204 /* Pods_SnapchatClone.framework */; };
/* End PBXBuildFile section */

/* Begin PBXFileReference section */
		08FC437D1F37A9B2C2A64204 /* Pods_SnapchatClone.framework */ = {isa = PBXFileReference; explicitFileType = wrapper.framework; includeInIndex = 0; path = Pods_SnapchatClone.framework; sourceTree = BUILT_PRODUCTS_DIR; };
		7CD2131DEE5AA03BF4AF04C2 /* Pods-SnapchatClone.release.xcconfig */ = {isa = PBXFileReference; includeInIndex = 1; lastKnownFileType = text.xcconfig; name = "Pods-SnapchatClone.release.xcconfig"; path = "Target Support Files/Pods-SnapchatClone/Pods-SnapchatClone.release.xcconfig"; sourceTree = "<group>"; };
		7D1159382B8131B300F741A1 /* SnapVC.swift */ = {isa = PBXFileReference; lastKnownFileType = sourcecode.swift; path = SnapVC.swift; sourceTree = "<group>"; };
		7D11593B2B82286200F741A1 /* UserSingleton.swift */ = {isa = PBXFileReference; lastKnownFileType = sourcecode.swift; path = UserSingleton.swift; sourceTree = "<group>"; };
		7D1FEE1A2B812B3A00A99758 /* FeedVC.swift */ = {isa = PBXFileReference; lastKnownFileType = sourcecode.swift; path = FeedVC.swift; sourceTree = "<group>"; };
		7D1FEE1C2B812B5100A99758 /* UploadVC.swift */ = {isa = PBXFileReference; lastKnownFileType = sourcecode.swift; path = UploadVC.swift; sourceTree = "<group>"; };
		7D1FEE1E2B812B7500A99758 /* SettingsVC.swift */ = {isa = PBXFileReference; lastKnownFileType = sourcecode.swift; path = SettingsVC.swift; sourceTree = "<group>"; };
		7D5830EA2B811EC600DBE727 /* SnapchatClone.app */ = {isa = PBXFileReference; explicitFileType = wrapper.application; includeInIndex = 0; path = SnapchatClone.app; sourceTree = BUILT_PRODUCTS_DIR; };
		7D5830ED2B811EC600DBE727 /* AppDelegate.swift */ = {isa = PBXFileReference; lastKnownFileType = sourcecode.swift; path = AppDelegate.swift; sourceTree = "<group>"; };
		7D5830EF2B811EC600DBE727 /* SceneDelegate.swift */ = {isa = PBXFileReference; lastKnownFileType = sourcecode.swift; path = SceneDelegate.swift; sourceTree = "<group>"; };
		7D5830F12B811EC600DBE727 /* SignInVC.swift */ = {isa = PBXFileReference; lastKnownFileType = sourcecode.swift; path = SignInVC.swift; sourceTree = "<group>"; };
		7D5830F42B811EC600DBE727 /* Base */ = {isa = PBXFileReference; lastKnownFileType = file.storyboard; name = Base; path = Base.lproj/Main.storyboard; sourceTree = "<group>"; };
		7D5830F62B811EC600DBE727 /* Assets.xcassets */ = {isa = PBXFileReference; lastKnownFileType = folder.assetcatalog; path = Assets.xcassets; sourceTree = "<group>"; };
		7D5830F92B811EC600DBE727 /* Base */ = {isa = PBXFileReference; lastKnownFileType = file.storyboard; name = Base; path = Base.lproj/LaunchScreen.storyboard; sourceTree = "<group>"; };
		7D5830FB2B811EC600DBE727 /* Info.plist */ = {isa = PBXFileReference; lastKnownFileType = text.plist.xml; path = Info.plist; sourceTree = "<group>"; };
		7D5831012B81207000DBE727 /* GoogleService-Info.plist */ = {isa = PBXFileReference; fileEncoding = 4; lastKnownFileType = text.plist.xml; path = "GoogleService-Info.plist"; sourceTree = "<group>"; };
		7DC5FEE72B866C6E0075FCF5 /* FeedCell.swift */ = {isa = PBXFileReference; lastKnownFileType = sourcecode.swift; path = FeedCell.swift; sourceTree = "<group>"; };
		7DC5FEE92B8771940075FCF5 /* Snap.swift */ = {isa = PBXFileReference; lastKnownFileType = sourcecode.swift; path = Snap.swift; sourceTree = "<group>"; };
		F4F3F5373EFCF83325BBEE99 /* Pods-SnapchatClone.debug.xcconfig */ = {isa = PBXFileReference; includeInIndex = 1; lastKnownFileType = text.xcconfig; name = "Pods-SnapchatClone.debug.xcconfig"; path = "Target Support Files/Pods-SnapchatClone/Pods-SnapchatClone.debug.xcconfig"; sourceTree = "<group>"; };
/* End PBXFileReference section */

/* Begin PBXFrameworksBuildPhase section */
		7D5830E72B811EC600DBE727 /* Frameworks */ = {
			isa = PBXFrameworksBuildPhase;
			buildActionMask = 2147483647;
			files = (
				C51E681EF6AA254E5F1DD229 /* Pods_SnapchatClone.framework in Frameworks */,
			);
			runOnlyForDeploymentPostprocessing = 0;
		};
/* End PBXFrameworksBuildPhase section */

/* Begin PBXGroup section */
		0C456037442B0227E98EE48B /* Pods */ = {
			isa = PBXGroup;
			children = (
				F4F3F5373EFCF83325BBEE99 /* Pods-SnapchatClone.debug.xcconfig */,
				7CD2131DEE5AA03BF4AF04C2 /* Pods-SnapchatClone.release.xcconfig */,
			);
			path = Pods;
			sourceTree = "<group>";
		};
		612515F4BF92A6EEC4E371CB /* Frameworks */ = {
			isa = PBXGroup;
			children = (
				08FC437D1F37A9B2C2A64204 /* Pods_SnapchatClone.framework */,
			);
			name = Frameworks;
			sourceTree = "<group>";
		};
		7D11593A2B82283C00F741A1 /* Model */ = {
			isa = PBXGroup;
			children = (
				7D11593B2B82286200F741A1 /* UserSingleton.swift */,
				7DC5FEE92B8771940075FCF5 /* Snap.swift */,
			);
			path = Model;
			sourceTree = "<group>";
		};
		7D1FEE202B812BAA00A99758 /* ViewControllers */ = {
			isa = PBXGroup;
			children = (
				7DC5FEE72B866C6E0075FCF5 /* FeedCell.swift */,
				7D5830F12B811EC600DBE727 /* SignInVC.swift */,
				7D1FEE1A2B812B3A00A99758 /* FeedVC.swift */,
				7D1FEE1C2B812B5100A99758 /* UploadVC.swift */,
				7D1FEE1E2B812B7500A99758 /* SettingsVC.swift */,
				7D1159382B8131B300F741A1 /* SnapVC.swift */,
			);
			path = ViewControllers;
			sourceTree = "<group>";
		};
		7D1FEE212B812BF500A99758 /* Delegates */ = {
			isa = PBXGroup;
			children = (
				7D5830ED2B811EC600DBE727 /* AppDelegate.swift */,
				7D5830EF2B811EC600DBE727 /* SceneDelegate.swift */,
			);
			path = Delegates;
			sourceTree = "<group>";
		};
		7D5830E12B811EC500DBE727 = {
			isa = PBXGroup;
			children = (
				7D5830EC2B811EC600DBE727 /* SnapchatClone */,
				7D5830EB2B811EC600DBE727 /* Products */,
				0C456037442B0227E98EE48B /* Pods */,
				612515F4BF92A6EEC4E371CB /* Frameworks */,
			);
			sourceTree = "<group>";
		};
		7D5830EB2B811EC600DBE727 /* Products */ = {
			isa = PBXGroup;
			children = (
				7D5830EA2B811EC600DBE727 /* SnapchatClone.app */,
			);
			name = Products;
			sourceTree = "<group>";
		};
		7D5830EC2B811EC600DBE727 /* SnapchatClone */ = {
			isa = PBXGroup;
			children = (
				7D11593A2B82283C00F741A1 /* Model */,
				7D1FEE212B812BF500A99758 /* Delegates */,
				7D1FEE202B812BAA00A99758 /* ViewControllers */,
				7D5830F32B811EC600DBE727 /* Main.storyboard */,
				7D5830F62B811EC600DBE727 /* Assets.xcassets */,
				7D5830F82B811EC600DBE727 /* LaunchScreen.storyboard */,
				7D5830FB2B811EC600DBE727 /* Info.plist */,
				7D5831012B81207000DBE727 /* GoogleService-Info.plist */,
			);
			path = SnapchatClone;
			sourceTree = "<group>";
		};
/* End PBXGroup section */

/* Begin PBXNativeTarget section */
		7D5830E92B811EC600DBE727 /* SnapchatClone */ = {
			isa = PBXNativeTarget;
			buildConfigurationList = 7D5830FE2B811EC600DBE727 /* Build configuration list for PBXNativeTarget "SnapchatClone" */;
			buildPhases = (
				891BCCFB59297401CA2ED7F3 /* [CP] Check Pods Manifest.lock */,
				7D5830E62B811EC600DBE727 /* Sources */,
				7D5830E72B811EC600DBE727 /* Frameworks */,
				7D5830E82B811EC600DBE727 /* Resources */,
				6259C1760746818D14E94617 /* [CP] Embed Pods Frameworks */,
			);
			buildRules = (
			);
			dependencies = (
			);
			name = SnapchatClone;
			productName = SnapchatClone;
			productReference = 7D5830EA2B811EC600DBE727 /* SnapchatClone.app */;
			productType = "com.apple.product-type.application";
		};
/* End PBXNativeTarget section */

/* Begin PBXProject section */
		7D5830E22B811EC500DBE727 /* Project object */ = {
			isa = PBXProject;
			attributes = {
				BuildIndependentTargetsInParallel = 1;
				LastSwiftUpdateCheck = 1500;
				LastUpgradeCheck = 1500;
				TargetAttributes = {
					7D5830E92B811EC600DBE727 = {
						CreatedOnToolsVersion = 15.0.1;
					};
				};
			};
			buildConfigurationList = 7D5830E52B811EC500DBE727 /* Build configuration list for PBXProject "SnapchatClone" */;
			compatibilityVersion = "Xcode 14.0";
			developmentRegion = en;
			hasScannedForEncodings = 0;
			knownRegions = (
				en,
				Base,
			);
			mainGroup = 7D5830E12B811EC500DBE727;
			productRefGroup = 7D5830EB2B811EC600DBE727 /* Products */;
			projectDirPath = "";
			projectRoot = "";
			targets = (
				7D5830E92B811EC600DBE727 /* SnapchatClone */,
			);
		};
/* End PBXProject section */

/* Begin PBXResourcesBuildPhase section */
		7D5830E82B811EC600DBE727 /* Resources */ = {
			isa = PBXResourcesBuildPhase;
			buildActionMask = 2147483647;
			files = (
				7D5830FA2B811EC600DBE727 /* LaunchScreen.storyboard in Resources */,
				7D5831022B81207000DBE727 /* GoogleService-Info.plist in Resources */,
				7D5830F72B811EC600DBE727 /* Assets.xcassets in Resources */,
				7D5830F52B811EC600DBE727 /* Main.storyboard in Resources */,
			);
			runOnlyForDeploymentPostprocessing = 0;
		};
/* End PBXResourcesBuildPhase section */

/* Begin PBXShellScriptBuildPhase section */
		6259C1760746818D14E94617 /* [CP] Embed Pods Frameworks */ = {
			isa = PBXShellScriptBuildPhase;
			buildActionMask = 2147483647;
			files = (
			);
			inputFileListPaths = (
				"${PODS_ROOT}/Target Support Files/Pods-SnapchatClone/Pods-SnapchatClone-frameworks-${CONFIGURATION}-input-files.xcfilelist",
			);
			name = "[CP] Embed Pods Frameworks";
			outputFileListPaths = (
				"${PODS_ROOT}/Target Support Files/Pods-SnapchatClone/Pods-SnapchatClone-frameworks-${CONFIGURATION}-output-files.xcfilelist",
			);
			runOnlyForDeploymentPostprocessing = 0;
			shellPath = /bin/sh;
			shellScript = "\"${PODS_ROOT}/Target Support Files/Pods-SnapchatClone/Pods-SnapchatClone-frameworks.sh\"\n";
			showEnvVarsInLog = 0;
		};
		891BCCFB59297401CA2ED7F3 /* [CP] Check Pods Manifest.lock */ = {
			isa = PBXShellScriptBuildPhase;
			buildActionMask = 2147483647;
			files = (
			);
			inputFileListPaths = (
			);
			inputPaths = (
				"${PODS_PODFILE_DIR_PATH}/Podfile.lock",
				"${PODS_ROOT}/Manifest.lock",
			);
			name = "[CP] Check Pods Manifest.lock";
			outputFileListPaths = (
			);
			outputPaths = (
				"$(DERIVED_FILE_DIR)/Pods-SnapchatClone-checkManifestLockResult.txt",
			);
			runOnlyForDeploymentPostprocessing = 0;
			shellPath = /bin/sh;
			shellScript = "diff \"${PODS_PODFILE_DIR_PATH}/Podfile.lock\" \"${PODS_ROOT}/Manifest.lock\" > /dev/null\nif [ $? != 0 ] ; then\n    # print error to STDERR\n    echo \"error: The sandbox is not in sync with the Podfile.lock. Run 'pod install' or update your CocoaPods installation.\" >&2\n    exit 1\nfi\n# This output is used by Xcode 'outputs' to avoid re-running this script phase.\necho \"SUCCESS\" > \"${SCRIPT_OUTPUT_FILE_0}\"\n";
			showEnvVarsInLog = 0;
		};
/* End PBXShellScriptBuildPhase section */

/* Begin PBXSourcesBuildPhase section */
		7D5830E62B811EC600DBE727 /* Sources */ = {
			isa = PBXSourcesBuildPhase;
			buildActionMask = 2147483647;
			files = (
				7D11593C2B82286200F741A1 /* UserSingleton.swift in Sources */,
				7DC5FEEA2B8771940075FCF5 /* Snap.swift in Sources */,
				7D1FEE1B2B812B3A00A99758 /* FeedVC.swift in Sources */,
				7D5830F22B811EC600DBE727 /* SignInVC.swift in Sources */,
				7D5830EE2B811EC600DBE727 /* AppDelegate.swift in Sources */,
				7D1FEE1D2B812B5100A99758 /* UploadVC.swift in Sources */,
				7D1159392B8131B300F741A1 /* SnapVC.swift in Sources */,
				7D5830F02B811EC600DBE727 /* SceneDelegate.swift in Sources */,
				7D1FEE1F2B812B7500A99758 /* SettingsVC.swift in Sources */,
				7DC5FEE82B866C6E0075FCF5 /* FeedCell.swift in Sources */,
			);
			runOnlyForDeploymentPostprocessing = 0;
		};
/* End PBXSourcesBuildPhase section */

/* Begin PBXVariantGroup section */
		7D5830F32B811EC600DBE727 /* Main.storyboard */ = {
			isa = PBXVariantGroup;
			children = (
				7D5830F42B811EC600DBE727 /* Base */,
			);
			name = Main.storyboard;
			sourceTree = "<group>";
		};
		7D5830F82B811EC600DBE727 /* LaunchScreen.storyboard */ = {
			isa = PBXVariantGroup;
			children = (
				7D5830F92B811EC600DBE727 /* Base */,
			);
			name = LaunchScreen.storyboard;
			sourceTree = "<group>";
		};
/* End PBXVariantGroup section */

/* Begin XCBuildConfiguration section */
		7D5830FC2B811EC600DBE727 /* Debug */ = {
			isa = XCBuildConfiguration;
			buildSettings = {
				ALWAYS_SEARCH_USER_PATHS = NO;
				ASSETCATALOG_COMPILER_GENERATE_SWIFT_ASSET_SYMBOL_EXTENSIONS = YES;
				CLANG_ANALYZER_NONNULL = YES;
				CLANG_ANALYZER_NUMBER_OBJECT_CONVERSION = YES_AGGRESSIVE;
				CLANG_CXX_LANGUAGE_STANDARD = "gnu++20";
				CLANG_ENABLE_MODULES = YES;
				CLANG_ENABLE_OBJC_ARC = YES;
				CLANG_ENABLE_OBJC_WEAK = YES;
				CLANG_WARN_BLOCK_CAPTURE_AUTORELEASING = YES;
				CLANG_WARN_BOOL_CONVERSION = YES;
				CLANG_WARN_COMMA = YES;
				CLANG_WARN_CONSTANT_CONVERSION = YES;
				CLANG_WARN_DEPRECATED_OBJC_IMPLEMENTATIONS = YES;
				CLANG_WARN_DIRECT_OBJC_ISA_USAGE = YES_ERROR;
				CLANG_WARN_DOCUMENTATION_COMMENTS = YES;
				CLANG_WARN_EMPTY_BODY = YES;
				CLANG_WARN_ENUM_CONVERSION = YES;
				CLANG_WARN_INFINITE_RECURSION = YES;
				CLANG_WARN_INT_CONVERSION = YES;
				CLANG_WARN_NON_LITERAL_NULL_CONVERSION = YES;
				CLANG_WARN_OBJC_IMPLICIT_RETAIN_SELF = YES;
				CLANG_WARN_OBJC_LITERAL_CONVERSION = YES;
				CLANG_WARN_OBJC_ROOT_CLASS = YES_ERROR;
				CLANG_WARN_QUOTED_INCLUDE_IN_FRAMEWORK_HEADER = YES;
				CLANG_WARN_RANGE_LOOP_ANALYSIS = YES;
				CLANG_WARN_STRICT_PROTOTYPES = YES;
				CLANG_WARN_SUSPICIOUS_MOVE = YES;
				CLANG_WARN_UNGUARDED_AVAILABILITY = YES_AGGRESSIVE;
				CLANG_WARN_UNREACHABLE_CODE = YES;
				CLANG_WARN__DUPLICATE_METHOD_MATCH = YES;
				COPY_PHASE_STRIP = NO;
				DEBUG_INFORMATION_FORMAT = dwarf;
				ENABLE_STRICT_OBJC_MSGSEND = YES;
				ENABLE_TESTABILITY = YES;
				ENABLE_USER_SCRIPT_SANDBOXING = NO;
				GCC_C_LANGUAGE_STANDARD = gnu17;
				GCC_DYNAMIC_NO_PIC = NO;
				GCC_NO_COMMON_BLOCKS = YES;
				GCC_OPTIMIZATION_LEVEL = 0;
				GCC_PREPROCESSOR_DEFINITIONS = (
					"DEBUG=1",
					"$(inherited)",
				);
				GCC_WARN_64_TO_32_BIT_CONVERSION = YES;
				GCC_WARN_ABOUT_RETURN_TYPE = YES_ERROR;
				GCC_WARN_UNDECLARED_SELECTOR = YES;
				GCC_WARN_UNINITIALIZED_AUTOS = YES_AGGRESSIVE;
				GCC_WARN_UNUSED_FUNCTION = YES;
				GCC_WARN_UNUSED_VARIABLE = YES;
				IPHONEOS_DEPLOYMENT_TARGET = 17.0;
				LOCALIZATION_PREFERS_STRING_CATALOGS = YES;
				MTL_ENABLE_DEBUG_INFO = INCLUDE_SOURCE;
				MTL_FAST_MATH = YES;
				ONLY_ACTIVE_ARCH = YES;
				SDKROOT = iphoneos;
				SWIFT_ACTIVE_COMPILATION_CONDITIONS = "DEBUG $(inherited)";
				SWIFT_OPTIMIZATION_LEVEL = "-Onone";
			};
			name = Debug;
		};
		7D5830FD2B811EC600DBE727 /* Release */ = {
			isa = XCBuildConfiguration;
			buildSettings = {
				ALWAYS_SEARCH_USER_PATHS = NO;
				ASSETCATALOG_COMPILER_GENERATE_SWIFT_ASSET_SYMBOL_EXTENSIONS = YES;
				CLANG_ANALYZER_NONNULL = YES;
				CLANG_ANALYZER_NUMBER_OBJECT_CONVERSION = YES_AGGRESSIVE;
				CLANG_CXX_LANGUAGE_STANDARD = "gnu++20";
				CLANG_ENABLE_MODULES = YES;
				CLANG_ENABLE_OBJC_ARC = YES;
				CLANG_ENABLE_OBJC_WEAK = YES;
				CLANG_WARN_BLOCK_CAPTURE_AUTORELEASING = YES;
				CLANG_WARN_BOOL_CONVERSION = YES;
				CLANG_WARN_COMMA = YES;
				CLANG_WARN_CONSTANT_CONVERSION = YES;
				CLANG_WARN_DEPRECATED_OBJC_IMPLEMENTATIONS = YES;
				CLANG_WARN_DIRECT_OBJC_ISA_USAGE = YES_ERROR;
				CLANG_WARN_DOCUMENTATION_COMMENTS = YES;
				CLANG_WARN_EMPTY_BODY = YES;
				CLANG_WARN_ENUM_CONVERSION = YES;
				CLANG_WARN_INFINITE_RECURSION = YES;
				CLANG_WARN_INT_CONVERSION = YES;
				CLANG_WARN_NON_LITERAL_NULL_CONVERSION = YES;
				CLANG_WARN_OBJC_IMPLICIT_RETAIN_SELF = YES;
				CLANG_WARN_OBJC_LITERAL_CONVERSION = YES;
				CLANG_WARN_OBJC_ROOT_CLASS = YES_ERROR;
				CLANG_WARN_QUOTED_INCLUDE_IN_FRAMEWORK_HEADER = YES;
				CLANG_WARN_RANGE_LOOP_ANALYSIS = YES;
				CLANG_WARN_STRICT_PROTOTYPES = YES;
				CLANG_WARN_SUSPICIOUS_MOVE = YES;
				CLANG_WARN_UNGUARDED_AVAILABILITY = YES_AGGRESSIVE;
				CLANG_WARN_UNREACHABLE_CODE = YES;
				CLANG_WARN__DUPLICATE_METHOD_MATCH = YES;
				COPY_PHASE_STRIP = NO;
				DEBUG_INFORMATION_FORMAT = "dwarf-with-dsym";
				ENABLE_NS_ASSERTIONS = NO;
				ENABLE_STRICT_OBJC_MSGSEND = YES;
				ENABLE_USER_SCRIPT_SANDBOXING = NO;
				GCC_C_LANGUAGE_STANDARD = gnu17;
				GCC_NO_COMMON_BLOCKS = YES;
				GCC_WARN_64_TO_32_BIT_CONVERSION = YES;
				GCC_WARN_ABOUT_RETURN_TYPE = YES_ERROR;
				GCC_WARN_UNDECLARED_SELECTOR = YES;
				GCC_WARN_UNINITIALIZED_AUTOS = YES_AGGRESSIVE;
				GCC_WARN_UNUSED_FUNCTION = YES;
				GCC_WARN_UNUSED_VARIABLE = YES;
				IPHONEOS_DEPLOYMENT_TARGET = 17.0;
				LOCALIZATION_PREFERS_STRING_CATALOGS = YES;
				MTL_ENABLE_DEBUG_INFO = NO;
				MTL_FAST_MATH = YES;
				SDKROOT = iphoneos;
				SWIFT_COMPILATION_MODE = wholemodule;
				VALIDATE_PRODUCT = YES;
			};
			name = Release;
		};
		7D5830FF2B811EC600DBE727 /* Debug */ = {
			isa = XCBuildConfiguration;
			baseConfigurationReference = F4F3F5373EFCF83325BBEE99 /* Pods-SnapchatClone.debug.xcconfig */;
			buildSettings = {
				ASSETCATALOG_COMPILER_APPICON_NAME = AppIcon;
				ASSETCATALOG_COMPILER_GLOBAL_ACCENT_COLOR_NAME = AccentColor;
				CODE_SIGN_STYLE = Automatic;
				CURRENT_PROJECT_VERSION = 1;
				DEVELOPMENT_TEAM = ZC8Q87DXV5;
				ENABLE_USER_SCRIPT_SANDBOXING = NO;
				GENERATE_INFOPLIST_FILE = YES;
				INFOPLIST_FILE = SnapchatClone/Info.plist;
				INFOPLIST_KEY_UIApplicationSupportsIndirectInputEvents = YES;
				INFOPLIST_KEY_UILaunchStoryboardName = LaunchScreen;
				INFOPLIST_KEY_UIMainStoryboardFile = Main;
				INFOPLIST_KEY_UISupportedInterfaceOrientations_iPad = "UIInterfaceOrientationPortrait UIInterfaceOrientationPortraitUpsideDown UIInterfaceOrientationLandscapeLeft UIInterfaceOrientationLandscapeRight";
				INFOPLIST_KEY_UISupportedInterfaceOrientations_iPhone = "UIInterfaceOrientationPortrait UIInterfaceOrientationLandscapeLeft UIInterfaceOrientationLandscapeRight";
				LD_RUNPATH_SEARCH_PATHS = (
					"$(inherited)",
					"@executable_path/Frameworks",
				);
				MARKETING_VERSION = 1.0;
				PRODUCT_BUNDLE_IDENTIFIER = com.omeryilmaz.SnapchatClone;
				PRODUCT_NAME = "$(TARGET_NAME)";
				SWIFT_EMIT_LOC_STRINGS = YES;
				SWIFT_VERSION = 5.0;
				TARGETED_DEVICE_FAMILY = "1,2";
			};
			name = Debug;
		};
		7D5831002B811EC600DBE727 /* Release */ = {
			isa = XCBuildConfiguration;
			baseConfigurationReference = 7CD2131DEE5AA03BF4AF04C2 /* Pods-SnapchatClone.release.xcconfig */;
			buildSettings = {
				ASSETCATALOG_COMPILER_APPICON_NAME = AppIcon;
				ASSETCATALOG_COMPILER_GLOBAL_ACCENT_COLOR_NAME = AccentColor;
				CODE_SIGN_STYLE = Automatic;
				CURRENT_PROJECT_VERSION = 1;
				DEVELOPMENT_TEAM = ZC8Q87DXV5;
				ENABLE_USER_SCRIPT_SANDBOXING = NO;
				GENERATE_INFOPLIST_FILE = YES;
				INFOPLIST_FILE = SnapchatClone/Info.plist;
				INFOPLIST_KEY_UIApplicationSupportsIndirectInputEvents = YES;
				INFOPLIST_KEY_UILaunchStoryboardName = LaunchScreen;
				INFOPLIST_KEY_UIMainStoryboardFile = Main;
				INFOPLIST_KEY_UISupportedInterfaceOrientations_iPad = "UIInterfaceOrientationPortrait UIInterfaceOrientationPortraitUpsideDown UIInterfaceOrientationLandscapeLeft UIInterfaceOrientationLandscapeRight";
				INFOPLIST_KEY_UISupportedInterfaceOrientations_iPhone = "UIInterfaceOrientationPortrait UIInterfaceOrientationLandscapeLeft UIInterfaceOrientationLandscapeRight";
				LD_RUNPATH_SEARCH_PATHS = (
					"$(inherited)",
					"@executable_path/Frameworks",
				);
				MARKETING_VERSION = 1.0;
				PRODUCT_BUNDLE_IDENTIFIER = com.omeryilmaz.SnapchatClone;
				PRODUCT_NAME = "$(TARGET_NAME)";
				SWIFT_EMIT_LOC_STRINGS = YES;
				SWIFT_VERSION = 5.0;
				TARGETED_DEVICE_FAMILY = "1,2";
			};
			name = Release;
		};
/* End XCBuildConfiguration section */

/* Begin XCConfigurationList section */
		7D5830E52B811EC500DBE727 /* Build configuration list for PBXProject "SnapchatClone" */ = {
			isa = XCConfigurationList;
			buildConfigurations = (
				7D5830FC2B811EC600DBE727 /* Debug */,
				7D5830FD2B811EC600DBE727 /* Release */,
			);
			defaultConfigurationIsVisible = 0;
			defaultConfigurationName = Release;
		};
		7D5830FE2B811EC600DBE727 /* Build configuration list for PBXNativeTarget "SnapchatClone" */ = {
			isa = XCConfigurationList;
			buildConfigurations = (
				7D5830FF2B811EC600DBE727 /* Debug */,
				7D5831002B811EC600DBE727 /* Release */,
			);
			defaultConfigurationIsVisible = 0;
			defaultConfigurationName = Release;
		};
/* End XCConfigurationList section */
	};
	rootObject = 7D5830E22B811EC500DBE727 /* Project object */;
}
